// !$*UTF8*$!
{
	archiveVersion = 1;
	classes = {
	};
	objectVersion = 77;
	objects = {

/* Begin PBXContainerItemProxy section */
		B7DA13FF2F6D74B20040EDE2 /* PBXContainerItemProxy */ = {
			isa = PBXContainerItemProxy;
			containerPortal = B7DA13E02F6D74B10040EDE2 /* Project object */;
			proxyType = 1;
			remoteGlobalIDString = B7DA13E72F6D74B10040EDE2;
			remoteInfo = "Protecta EGPL";
		};
		B7DA14092F6D74B20040EDE2 /* PBXContainerItemProxy */ = {
			isa = PBXContainerItemProxy;
			containerPortal = B7DA13E02F6D74B10040EDE2 /* Project object */;
			proxyType = 1;
			remoteGlobalIDString = B7DA13E72F6D74B10040EDE2;
			remoteInfo = "Protecta EGPL";
		};
/* End PBXContainerItemProxy section */

/* Begin PBXFileReference section */
		B7DA13E82F6D74B10040EDE2 /* Protecta EGPL.app */ = {isa = PBXFileReference; explicitFileType = wrapper.application; includeInIndex = 0; path = "Protecta EGPL.app"; sourceTree = BUILT_PRODUCTS_DIR; };
		B7DA13FE2F6D74B20040EDE2 /* Protecta EGPLTests.xctest */ = {isa = PBXFileReference; explicitFileType = wrapper.cfbundle; includeInIndex = 0; path = "Protecta EGPLTests.xctest"; sourceTree = BUILT_PRODUCTS_DIR; };
		B7DA14082F6D74B20040EDE2 /* Protecta EGPLUITests.xctest */ = {isa = PBXFileReference; explicitFileType = wrapper.cfbundle; includeInIndex = 0; path = "Protecta EGPLUITests.xctest"; sourceTree = BUILT_PRODUCTS_DIR; };
/* End PBXFileReference section */

/* Begin PBXFileSystemSynchronizedBuildFileExceptionSet section */
		B7DA14102F6D74B20040EDE2 /* Exceptions for "Protecta EGPL" folder in "Protecta EGPL" target */ = {
			isa = PBXFileSystemSynchronizedBuildFileExceptionSet;
			membershipExceptions = (
				Info.plist,
			);
			target = B7DA13E72F6D74B10040EDE2 /* Protecta EGPL */;
		};
/* End PBXFileSystemSynchronizedBuildFileExceptionSet section */

/* Begin PBXFileSystemSynchronizedRootGroup section */
		B7DA13EA2F6D74B10040EDE2 /* Protecta EGPL */ = {
			isa = PBXFileSystemSynchronizedRootGroup;
			exceptions = (
				B7DA14102F6D74B20040EDE2 /* Exceptions for "Protecta EGPL" folder in "Protecta EGPL" target */,
			);
			path = "Protecta EGPL";
			sourceTree = "<group>";
		};
		B7DA14012F6D74B20040EDE2 /* Protecta EGPLTests */ = {
			isa = PBXFileSystemSynchronizedRootGroup;
			path = "Protecta EGPLTests";
			sourceTree = "<group>";
		};
		B7DA140B2F6D74B20040EDE2 /* Protecta EGPLUITests */ = {
			isa = PBXFileSystemSynchronizedRootGroup;
			path = "Protecta EGPLUITests";
			sourceTree = "<group>";
		};
/* End PBXFileSystemSynchronizedRootGroup section */

/* Begin PBXFrameworksBuildPhase section */
		B7DA13E52F6D74B10040EDE2 /* Frameworks */ = {
			isa = PBXFrameworksBuildPhase;
			buildActionMask = 2147483647;
			files = (
			);
			runOnlyForDeploymentPostprocessing = 0;
		};
		B7DA13FB2F6D74B20040EDE2 /* Frameworks */ = {
			isa = PBXFrameworksBuildPhase;
			buildActionMask = 2147483647;
			files = (
			);
			runOnlyForDeploymentPostprocessing = 0;
		};
		B7DA14052F6D74B20040EDE2 /* Frameworks */ = {
			isa = PBXFrameworksBuildPhase;
			buildActionMask = 2147483647;
			files = (
			);
			runOnlyForDeploymentPostprocessing = 0;
		};
/* End PBXFrameworksBuildPhase section */

/* Begin PBXGroup section */
		B7DA13DF2F6D74B10040EDE2 = {
			isa = PBXGroup;
			children = (
				B7DA13EA2F6D74B10040EDE2 /* Protecta EGPL */,
				B7DA14012F6D74B20040EDE2 /* Protecta EGPLTests */,
				B7DA140B2F6D74B20040EDE2 /* Protecta EGPLUITests */,
				B7DA13E92F6D74B10040EDE2 /* Products */,
			);
			sourceTree = "<group>";
		};
		B7DA13E92F6D74B10040EDE2 /* Products */ = {
			isa = PBXGroup;
			children = (
				B7DA13E82F6D74B10040EDE2 /* Protecta EGPL.app */,
				B7DA13FE2F6D74B20040EDE2 /* Protecta EGPLTests.xctest */,
				B7DA14082F6D74B20040EDE2 /* Protecta EGPLUITests.xctest */,
			);
			name = Products;
			sourceTree = "<group>";
		};
/* End PBXGroup section */

/* Begin PBXNativeTarget section */
		B7DA13E72F6D74B10040EDE2 /* Protecta EGPL */ = {
			isa = PBXNativeTarget;
			buildConfigurationList = B7DA14112F6D74B20040EDE2 /* Build configuration list for PBXNativeTarget "Protecta EGPL" */;
			buildPhases = (
				B7DA13E42F6D74B10040EDE2 /* Sources */,
				B7DA13E52F6D74B10040EDE2 /* Frameworks */,
				B7DA13E62F6D74B10040EDE2 /* Resources */,
			);
			buildRules = (
			);
			dependencies = (
			);
			fileSystemSynchronizedGroups = (
				B7DA13EA2F6D74B10040EDE2 /* Protecta EGPL */,
			);
			name = "Protecta EGPL";
			packageProductDependencies = (
			);
			productName = "Protecta EGPL";
			productReference = B7DA13E82F6D74B10040EDE2 /* Protecta EGPL.app */;
			productType = "com.apple.product-type.application";
		};
		B7DA13FD2F6D74B20040EDE2 /* Protecta EGPLTests */ = {
			isa = PBXNativeTarget;
			buildConfigurationList = B7DA14162F6D74B20040EDE2 /* Build configuration list for PBXNativeTarget "Protecta EGPLTests" */;
			buildPhases = (
				B7DA13FA2F6D74B20040EDE2 /* Sources */,
				B7DA13FB2F6D74B20040EDE2 /* Frameworks */,
				B7DA13FC2F6D74B20040EDE2 /* Resources */,
			);
			buildRules = (
			);
			dependencies = (
				B7DA14002F6D74B20040EDE2 /* PBXTargetDependency */,
			);
			fileSystemSynchronizedGroups = (
				B7DA14012F6D74B20040EDE2 /* Protecta EGPLTests */,
			);
			name = "Protecta EGPLTests";
			packageProductDependencies = (
			);
			productName = "Protecta EGPLTests";
			productReference = B7DA13FE2F6D74B20040EDE2 /* Protecta EGPLTests.xctest */;
			productType = "com.apple.product-type.bundle.unit-test";
		};
		B7DA14072F6D74B20040EDE2 /* Protecta EGPLUITests */ = {
			isa = PBXNativeTarget;
			buildConfigurationList = B7DA14192F6D74B20040EDE2 /* Build configuration list for PBXNativeTarget "Protecta EGPLUITests" */;
			buildPhases = (
				B7DA14042F6D74B20040EDE2 /* Sources */,
				B7DA14052F6D74B20040EDE2 /* Frameworks */,
				B7DA14062F6D74B20040EDE2 /* Resources */,
			);
			buildRules = (
			);
			dependencies = (
				B7DA140A2F6D74B20040EDE2 /* PBXTargetDependency */,
			);
			fileSystemSynchronizedGroups = (
				B7DA140B2F6D74B20040EDE2 /* Protecta EGPLUITests */,
			);
			name = "Protecta EGPLUITests";
			packageProductDependencies = (
			);
			productName = "Protecta EGPLUITests";
			productReference = B7DA14082F6D74B20040EDE2 /* Protecta EGPLUITests.xctest */;
			productType = "com.apple.product-type.bundle.ui-testing";
		};
/* End PBXNativeTarget section */

/* Begin PBXProject section */
		B7DA13E02F6D74B10040EDE2 /* Project object */ = {
			isa = PBXProject;
			attributes = {
				BuildIndependentTargetsInParallel = 1;
				LastSwiftUpdateCheck = 2620;
				LastUpgradeCheck = 2620;
				TargetAttributes = {
					B7DA13E72F6D74B10040EDE2 = {
						CreatedOnToolsVersion = 26.2;
					};
					B7DA13FD2F6D74B20040EDE2 = {
						CreatedOnToolsVersion = 26.2;
						TestTargetID = B7DA13E72F6D74B10040EDE2;
					};
					B7DA14072F6D74B20040EDE2 = {
						CreatedOnToolsVersion = 26.2;
						TestTargetID = B7DA13E72F6D74B10040EDE2;
					};
				};
			};
			buildConfigurationList = B7DA13E32F6D74B10040EDE2 /* Build configuration list for PBXProject "Protecta EGPL" */;
			developmentRegion = en;
			hasScannedForEncodings = 0;
			knownRegions = (
				en,
				Base,
			);
			mainGroup = B7DA13DF2F6D74B10040EDE2;
			minimizedProjectReferenceProxies = 1;
			preferredProjectObjectVersion = 77;
			productRefGroup = B7DA13E92F6D74B10040EDE2 /* Products */;
			projectDirPath = "";
			projectRoot = "";
			targets = (
				B7DA13E72F6D74B10040EDE2 /* Protecta EGPL */,
				B7DA13FD2F6D74B20040EDE2 /* Protecta EGPLTests */,
				B7DA14072F6D74B20040EDE2 /* Protecta EGPLUITests */,
			);
		};
/* End PBXProject section */

/* Begin PBXResourcesBuildPhase section */
		B7DA13E62F6D74B10040EDE2 /* Resources */ = {
			isa = PBXResourcesBuildPhase;
			buildActionMask = 2147483647;
			files = (
			);
			runOnlyForDeploymentPostprocessing = 0;
		};
		B7DA13FC2F6D74B20040EDE2 /* Resources */ = {
			isa = PBXResourcesBuildPhase;
			buildActionMask = 2147483647;
			files = (
			);
			runOnlyForDeploymentPostprocessing = 0;
		};
		B7DA14062F6D74B20040EDE2 /* Resources */ = {
			isa = PBXResourcesBuildPhase;
			buildActionMask = 2147483647;
			files = (
			);
			runOnlyForDeploymentPostprocessing = 0;
		};
/* End PBXResourcesBuildPhase section */

/* Begin PBXSourcesBuildPhase section */
		B7DA13E42F6D74B10040EDE2 /* Sources */ = {
			isa = PBXSourcesBuildPhase;
			buildActionMask = 2147483647;
			files = (
			);
			runOnlyForDeploymentPostprocessing = 0;
		};
		B7DA13FA2F6D74B20040EDE2 /* Sources */ = {
			isa = PBXSourcesBuildPhase;
			buildActionMask = 2147483647;
			files = (
			);
			runOnlyForDeploymentPostprocessing = 0;
		};
		B7DA14042F6D74B20040EDE2 /* Sources */ = {
			isa = PBXSourcesBuildPhase;
			buildActionMask = 2147483647;
			files = (
			);
			runOnlyForDeploymentPostprocessing = 0;
		};
/* End PBXSourcesBuildPhase section */

/* Begin PBXTargetDependency section */
		B7DA14002F6D74B20040EDE2 /* PBXTargetDependency */ = {
			isa = PBXTargetDependency;
			target = B7DA13E72F6D74B10040EDE2 /* Protecta EGPL */;
			targetProxy = B7DA13FF2F6D74B20040EDE2 /* PBXContainerItemProxy */;
		};
		B7DA140A2F6D74B20040EDE2 /* PBXTargetDependency */ = {
			isa = PBXTargetDependency;
			target = B7DA13E72F6D74B10040EDE2 /* Protecta EGPL */;
			targetProxy = B7DA14092F6D74B20040EDE2 /* PBXContainerItemProxy */;
		};
/* End PBXTargetDependency section */

/* Begin XCBuildConfiguration section */
		B7DA14122F6D74B20040EDE2 /* Debug */ = {
			isa = XCBuildConfiguration;
			buildSettings = {
				ASSETCATALOG_COMPILER_APPICON_NAME = AppIcon;
				ASSETCATALOG_COMPILER_GLOBAL_ACCENT_COLOR_NAME = AccentColor;
				"CODE_SIGN_IDENTITY[sdk=iphoneos*]" = "iPhone Distribution";
				CODE_SIGN_STYLE = Manual;
				CURRENT_PROJECT_VERSION = 4;
				DEVELOPMENT_TEAM = "";
				"DEVELOPMENT_TEAM[sdk=iphoneos*]" = M454L8MZF7;
				GENERATE_INFOPLIST_FILE = YES;
				INFOPLIST_FILE = "Protecta EGPL/Info.plist";
				INFOPLIST_KEY_CFBundleDisplayName = "Protecta EGPL";
				INFOPLIST_KEY_LSApplicationCategoryType = "public.app-category.utilities";
				INFOPLIST_KEY_NSCameraUsageDescription = " $(PRODUCT_NAME) want to use camera for product service picture.";
				INFOPLIST_KEY_NSLocationWhenInUseUsageDescription = " $(PRODUCT_NAME) want to use user location.";
				INFOPLIST_KEY_NSPhotoLibraryUsageDescription = " $(PRODUCT_NAME) want to use Photo access for product service picture.";
				INFOPLIST_KEY_UIApplicationSupportsIndirectInputEvents = YES;
				INFOPLIST_KEY_UILaunchStoryboardName = LaunchScreen;
				INFOPLIST_KEY_UISupportedInterfaceOrientations = UIInterfaceOrientationPortrait;
				INFOPLIST_KEY_UISupportedInterfaceOrientations_iPad = "UIInterfaceOrientationLandscapeLeft UIInterfaceOrientationLandscapeRight UIInterfaceOrientationPortrait UIInterfaceOrientationPortraitUpsideDown";
				LD_RUNPATH_SEARCH_PATHS = (
					"$(inherited)",
					"@executable_path/Frameworks",
				);
				MARKETING_VERSION = 1.0;
				PRODUCT_BUNDLE_IDENTIFIER = com.protectaclient;
				PRODUCT_NAME = "$(TARGET_NAME)";
				PROVISIONING_PROFILE_SPECIFIER = "";
				"PROVISIONING_PROFILE_SPECIFIER[sdk=iphoneos*]" = Protecta_appstore;
				STRING_CATALOG_GENERATE_SYMBOLS = YES;
				SUPPORTED_PLATFORMS = "iphoneos iphonesimulator";
				SUPPORTS_MACCATALYST = NO;
				SUPPORTS_MAC_DESIGNED_FOR_IPHONE_IPAD = NO;
				SUPPORTS_XR_DESIGNED_FOR_IPHONE_IPAD = NO;
				SWIFT_APPROACHABLE_CONCURRENCY = YES;
				SWIFT_DEFAULT_ACTOR_ISOLATION = MainActor;
				SWIFT_EMIT_LOC_STRINGS = YES;
				SWIFT_UPCOMING_FEATURE_MEMBER_IMPORT_VISIBILITY = YES;
				SWIFT_VERSION = 5.0;
				TARGETED_DEVICE_FAMILY = "1,2";
			};
			name = Debug;
		};
		B7DA14132F6D74B20040EDE2 /* Release */ = {
			isa = XCBuildConfiguration;
			buildSettings = {
				ASSETCATALOG_COMPILER_APPICON_NAME = AppIcon;
				ASSETCATALOG_COMPILER_GLOBAL_ACCENT_COLOR_NAME = AccentColor;
				"CODE_SIGN_IDENTITY[sdk=iphoneos*]" = "iPhone Distribution";
				CODE_SIGN_STYLE = Manual;
				CURRENT_PROJECT_VERSION = 4;
				DEVELOPMENT_TEAM = "";
				"DEVELOPMENT_TEAM[sdk=iphoneos*]" = M454L8MZF7;
				GENERATE_INFOPLIST_FILE = YES;
				INFOPLIST_FILE = "Protecta EGPL/Info.plist";
				INFOPLIST_KEY_CFBundleDisplayName = "Protecta EGPL";
				INFOPLIST_KEY_LSApplicationCategoryType = "public.app-category.utilities";
				INFOPLIST_KEY_NSCameraUsageDescription = " $(PRODUCT_NAME) want to use camera for product service picture.";
				INFOPLIST_KEY_NSLocationWhenInUseUsageDescription = " $(PRODUCT_NAME) want to use user location.";
				INFOPLIST_KEY_NSPhotoLibraryUsageDescription = " $(PRODUCT_NAME) want to use Photo access for product service picture.";
				INFOPLIST_KEY_UIApplicationSupportsIndirectInputEvents = YES;
				INFOPLIST_KEY_UILaunchStoryboardName = LaunchScreen;
				INFOPLIST_KEY_UISupportedInterfaceOrientations = UIInterfaceOrientationPortrait;
				INFOPLIST_KEY_UISupportedInterfaceOrientations_iPad = "UIInterfaceOrientationLandscapeLeft UIInterfaceOrientationLandscapeRight UIInterfaceOrientationPortrait UIInterfaceOrientationPortraitUpsideDown";
				LD_RUNPATH_SEARCH_PATHS = (
					"$(inherited)",
					"@executable_path/Frameworks",
				);
				MARKETING_VERSION = 1.0;
				PRODUCT_BUNDLE_IDENTIFIER = com.protectaclient;
				PRODUCT_NAME = "$(TARGET_NAME)";
				PROVISIONING_PROFILE_SPECIFIER = "";
				"PROVISIONING_PROFILE_SPECIFIER[sdk=iphoneos*]" = Protecta_appstore;
				STRING_CATALOG_GENERATE_SYMBOLS = YES;
				SUPPORTED_PLATFORMS = "iphoneos iphonesimulator";
				SUPPORTS_MACCATALYST = NO;
				SUPPORTS_MAC_DESIGNED_FOR_IPHONE_IPAD = NO;
				SUPPORTS_XR_DESIGNED_FOR_IPHONE_IPAD = NO;
				SWIFT_APPROACHABLE_CONCURRENCY = YES;
				SWIFT_DEFAULT_ACTOR_ISOLATION = MainActor;
				SWIFT_EMIT_LOC_STRINGS = YES;
				SWIFT_UPCOMING_FEATURE_MEMBER_IMPORT_VISIBILITY = YES;
				SWIFT_VERSION = 5.0;
				TARGETED_DEVICE_FAMILY = "1,2";
			};
			name = Release;
		};
		B7DA14142F6D74B20040EDE2 /* Debug */ = {
			isa = XCBuildConfiguration;
			buildSettings = {
				ALWAYS_SEARCH_USER_PATHS = NO;
				ASSETCATALOG_COMPILER_GENERATE_SWIFT_ASSET_SYMBOL_EXTENSIONS = YES;
				CLANG_ANALYZER_NONNULL = YES;
				CLANG_ANALYZER_NUMBER_OBJECT_CONVERSION = YES_AGGRESSIVE;
				CLANG_CXX_LANGUAGE_STANDARD = "gnu++20";
				CLANG_ENABLE_MODULES = YES;
				CLANG_ENABLE_OBJC_ARC = YES;
				CLANG_ENABLE_OBJC_WEAK = YES;
				CLANG_WARN_BLOCK_CAPTURE_AUTORELEASING = YES;
				CLANG_WARN_BOOL_CONVERSION = YES;
				CLANG_WARN_COMMA = YES;
				CLANG_WARN_CONSTANT_CONVERSION = YES;
				CLANG_WARN_DEPRECATED_OBJC_IMPLEMENTATIONS = YES;
				CLANG_WARN_DIRECT_OBJC_ISA_USAGE = YES_ERROR;
				CLANG_WARN_DOCUMENTATION_COMMENTS = YES;
				CLANG_WARN_EMPTY_BODY = YES;
				CLANG_WARN_ENUM_CONVERSION = YES;
				CLANG_WARN_INFINITE_RECURSION = YES;
				CLANG_WARN_INT_CONVERSION = YES;
				CLANG_WARN_NON_LITERAL_NULL_CONVERSION = YES;
				CLANG_WARN_OBJC_IMPLICIT_RETAIN_SELF = YES;
				CLANG_WARN_OBJC_LITERAL_CONVERSION = YES;
				CLANG_WARN_OBJC_ROOT_CLASS = YES_ERROR;
				CLANG_WARN_QUOTED_INCLUDE_IN_FRAMEWORK_HEADER = YES;
				CLANG_WARN_RANGE_LOOP_ANALYSIS = YES;
				CLANG_WARN_STRICT_PROTOTYPES = YES;
				CLANG_WARN_SUSPICIOUS_MOVE = YES;
				CLANG_WARN_UNGUARDED_AVAILABILITY = YES_AGGRESSIVE;
				CLANG_WARN_UNREACHABLE_CODE = YES;
				CLANG_WARN__DUPLICATE_METHOD_MATCH = YES;
				COPY_PHASE_STRIP = NO;
				DEBUG_INFORMATION_FORMAT = dwarf;
				ENABLE_STRICT_OBJC_MSGSEND = YES;
				ENABLE_TESTABILITY = YES;
				ENABLE_USER_SCRIPT_SANDBOXING = YES;
				GCC_C_LANGUAGE_STANDARD = gnu17;
				GCC_DYNAMIC_NO_PIC = NO;
				GCC_NO_COMMON_BLOCKS = YES;
				GCC_OPTIMIZATION_LEVEL = 0;
				GCC_PREPROCESSOR_DEFINITIONS = (
					"DEBUG=1",
					"$(inherited)",
				);
				GCC_WARN_64_TO_32_BIT_CONVERSION = YES;
				GCC_WARN_ABOUT_RETURN_TYPE = YES_ERROR;
				GCC_WARN_UNDECLARED_SELECTOR = YES;
				GCC_WARN_UNINITIALIZED_AUTOS = YES_AGGRESSIVE;
				GCC_WARN_UNUSED_FUNCTION = YES;
				GCC_WARN_UNUSED_VARIABLE = YES;
				IPHONEOS_DEPLOYMENT_TARGET = 26.2;
				LOCALIZATION_PREFERS_STRING_CATALOGS = YES;
				MTL_ENABLE_DEBUG_INFO = INCLUDE_SOURCE;
				MTL_FAST_MATH = YES;
				ONLY_ACTIVE_ARCH = YES;
				SDKROOT = iphoneos;
				SWIFT_ACTIVE_COMPILATION_CONDITIONS = "DEBUG $(inherited)";
				SWIFT_OPTIMIZATION_LEVEL = "-Onone";
			};
			name = Debug;
		};
		B7DA14152F6D74B20040EDE2 /* Release */ = {
			isa = XCBuildConfiguration;
			buildSettings = {
				ALWAYS_SEARCH_USER_PATHS = NO;
				ASSETCATALOG_COMPILER_GENERATE_SWIFT_ASSET_SYMBOL_EXTENSIONS = YES;
				CLANG_ANALYZER_NONNULL = YES;
				CLANG_ANALYZER_NUMBER_OBJECT_CONVERSION = YES_AGGRESSIVE;
				CLANG_CXX_LANGUAGE_STANDARD = "gnu++20";
				CLANG_ENABLE_MODULES = YES;
				CLANG_ENABLE_OBJC_ARC = YES;
				CLANG_ENABLE_OBJC_WEAK = YES;
				CLANG_WARN_BLOCK_CAPTURE_AUTORELEASING = YES;
				CLANG_WARN_BOOL_CONVERSION = YES;
				CLANG_WARN_COMMA = YES;
				CLANG_WARN_CONSTANT_CONVERSION = YES;
				CLANG_WARN_DEPRECATED_OBJC_IMPLEMENTATIONS = YES;
				CLANG_WARN_DIRECT_OBJC_ISA_USAGE = YES_ERROR;
				CLANG_WARN_DOCUMENTATION_COMMENTS = YES;
				CLANG_WARN_EMPTY_BODY = YES;
				CLANG_WARN_ENUM_CONVERSION = YES;
				CLANG_WARN_INFINITE_RECURSION = YES;
				CLANG_WARN_INT_CONVERSION = YES;
				CLANG_WARN_NON_LITERAL_NULL_CONVERSION = YES;
				CLANG_WARN_OBJC_IMPLICIT_RETAIN_SELF = YES;
				CLANG_WARN_OBJC_LITERAL_CONVERSION = YES;
				CLANG_WARN_OBJC_ROOT_CLASS = YES_ERROR;
				CLANG_WARN_QUOTED_INCLUDE_IN_FRAMEWORK_HEADER = YES;
				CLANG_WARN_RANGE_LOOP_ANALYSIS = YES;
				CLANG_WARN_STRICT_PROTOTYPES = YES;
				CLANG_WARN_SUSPICIOUS_MOVE = YES;
				CLANG_WARN_UNGUARDED_AVAILABILITY = YES_AGGRESSIVE;
				CLANG_WARN_UNREACHABLE_CODE = YES;
				CLANG_WARN__DUPLICATE_METHOD_MATCH = YES;
				COPY_PHASE_STRIP = NO;
				DEBUG_INFORMATION_FORMAT = "dwarf-with-dsym";
				ENABLE_NS_ASSERTIONS = NO;
				ENABLE_STRICT_OBJC_MSGSEND = YES;
				ENABLE_USER_SCRIPT_SANDBOXING = YES;
				GCC_C_LANGUAGE_STANDARD = gnu17;
				GCC_NO_COMMON_BLOCKS = YES;
				GCC_WARN_64_TO_32_BIT_CONVERSION = YES;
				GCC_WARN_ABOUT_RETURN_TYPE = YES_ERROR;
				GCC_WARN_UNDECLARED_SELECTOR = YES;
				GCC_WARN_UNINITIALIZED_AUTOS = YES_AGGRESSIVE;
				GCC_WARN_UNUSED_FUNCTION = YES;
				GCC_WARN_UNUSED_VARIABLE = YES;
				IPHONEOS_DEPLOYMENT_TARGET = 26.2;
				LOCALIZATION_PREFERS_STRING_CATALOGS = YES;
				MTL_ENABLE_DEBUG_INFO = NO;
				MTL_FAST_MATH = YES;
				SDKROOT = iphoneos;
				SWIFT_COMPILATION_MODE = wholemodule;
				VALIDATE_PRODUCT = YES;
			};
			name = Release;
		};
		B7DA14172F6D74B20040EDE2 /* Debug */ = {
			isa = XCBuildConfiguration;
			buildSettings = {
				BUNDLE_LOADER = "$(TEST_HOST)";
				CODE_SIGN_STYLE = Automatic;
				CURRENT_PROJECT_VERSION = 1;
				GENERATE_INFOPLIST_FILE = YES;
				IPHONEOS_DEPLOYMENT_TARGET = 26.2;
				MARKETING_VERSION = 1.0;
				PRODUCT_BUNDLE_IDENTIFIER = "com.protectaclient.Protecta-EGPLTests";
				PRODUCT_NAME = "$(TARGET_NAME)";
				STRING_CATALOG_GENERATE_SYMBOLS = NO;
				SWIFT_APPROACHABLE_CONCURRENCY = YES;
				SWIFT_EMIT_LOC_STRINGS = NO;
				SWIFT_UPCOMING_FEATURE_MEMBER_IMPORT_VISIBILITY = YES;
				SWIFT_VERSION = 5.0;
				TARGETED_DEVICE_FAMILY = "1,2";
				TEST_HOST = "$(BUILT_PRODUCTS_DIR)/Protecta EGPL.app/$(BUNDLE_EXECUTABLE_FOLDER_PATH)/Protecta EGPL";
			};
			name = Debug;
		};
		B7DA14182F6D74B20040EDE2 /* Release */ = {
			isa = XCBuildConfiguration;
			buildSettings = {
				BUNDLE_LOADER = "$(TEST_HOST)";
				CODE_SIGN_STYLE = Automatic;
				CURRENT_PROJECT_VERSION = 1;
				GENERATE_INFOPLIST_FILE = YES;
				IPHONEOS_DEPLOYMENT_TARGET = 26.2;
				MARKETING_VERSION = 1.0;
				PRODUCT_BUNDLE_IDENTIFIER = "com.protectaclient.Protecta-EGPLTests";
				PRODUCT_NAME = "$(TARGET_NAME)";
				STRING_CATALOG_GENERATE_SYMBOLS = NO;
				SWIFT_APPROACHABLE_CONCURRENCY = YES;
				SWIFT_EMIT_LOC_STRINGS = NO;
				SWIFT_UPCOMING_FEATURE_MEMBER_IMPORT_VISIBILITY = YES;
				SWIFT_VERSION = 5.0;
				TARGETED_DEVICE_FAMILY = "1,2";
				TEST_HOST = "$(BUILT_PRODUCTS_DIR)/Protecta EGPL.app/$(BUNDLE_EXECUTABLE_FOLDER_PATH)/Protecta EGPL";
			};
			name = Release;
		};
		B7DA141A2F6D74B20040EDE2 /* Debug */ = {
			isa = XCBuildConfiguration;
			buildSettings = {
				CODE_SIGN_STYLE = Automatic;
				CURRENT_PROJECT_VERSION = 1;
				GENERATE_INFOPLIST_FILE = YES;
				MARKETING_VERSION = 1.0;
				PRODUCT_BUNDLE_IDENTIFIER = "com.protectaclient.Protecta-EGPLUITests";
				PRODUCT_NAME = "$(TARGET_NAME)";
				STRING_CATALOG_GENERATE_SYMBOLS = NO;
				SWIFT_APPROACHABLE_CONCURRENCY = YES;
				SWIFT_EMIT_LOC_STRINGS = NO;
				SWIFT_UPCOMING_FEATURE_MEMBER_IMPORT_VISIBILITY = YES;
				SWIFT_VERSION = 5.0;
				TARGETED_DEVICE_FAMILY = "1,2";
				TEST_TARGET_NAME = "Protecta EGPL";
			};
			name = Debug;
		};
		B7DA141B2F6D74B20040EDE2 /* Release */ = {
			isa = XCBuildConfiguration;
			buildSettings = {
				CODE_SIGN_STYLE = Automatic;
				CURRENT_PROJECT_VERSION = 1;
				GENERATE_INFOPLIST_FILE = YES;
				MARKETING_VERSION = 1.0;
				PRODUCT_BUNDLE_IDENTIFIER = "com.protectaclient.Protecta-EGPLUITests";
				PRODUCT_NAME = "$(TARGET_NAME)";
				STRING_CATALOG_GENERATE_SYMBOLS = NO;
				SWIFT_APPROACHABLE_CONCURRENCY = YES;
				SWIFT_EMIT_LOC_STRINGS = NO;
				SWIFT_UPCOMING_FEATURE_MEMBER_IMPORT_VISIBILITY = YES;
				SWIFT_VERSION = 5.0;
				TARGETED_DEVICE_FAMILY = "1,2";
				TEST_TARGET_NAME = "Protecta EGPL";
			};
			name = Release;
		};
/* End XCBuildConfiguration section */

/* Begin XCConfigurationList section */
		B7DA13E32F6D74B10040EDE2 /* Build configuration list for PBXProject "Protecta EGPL" */ = {
			isa = XCConfigurationList;
			buildConfigurations = (
				B7DA14142F6D74B20040EDE2 /* Debug */,
				B7DA14152F6D74B20040EDE2 /* Release */,
			);
			defaultConfigurationIsVisible = 0;
			defaultConfigurationName = Release;
		};
		B7DA14112F6D74B20040EDE2 /* Build configuration list for PBXNativeTarget "Protecta EGPL" */ = {
			isa = XCConfigurationList;
			buildConfigurations = (
				B7DA14122F6D74B20040EDE2 /* Debug */,
				B7DA14132F6D74B20040EDE2 /* Release */,
			);
			defaultConfigurationIsVisible = 0;
			defaultConfigurationName = Release;
		};
		B7DA14162F6D74B20040EDE2 /* Build configuration list for PBXNativeTarget "Protecta EGPLTests" */ = {
			isa = XCConfigurationList;
			buildConfigurations = (
				B7DA14172F6D74B20040EDE2 /* Debug */,
				B7DA14182F6D74B20040EDE2 /* Release */,
			);
			defaultConfigurationIsVisible = 0;
			defaultConfigurationName = Release;
		};
		B7DA14192F6D74B20040EDE2 /* Build configuration list for PBXNativeTarget "Protecta EGPLUITests" */ = {
			isa = XCConfigurationList;
			buildConfigurations = (
				B7DA141A2F6D74B20040EDE2 /* Debug */,
				B7DA141B2F6D74B20040EDE2 /* Release */,
			);
			defaultConfigurationIsVisible = 0;
			defaultConfigurationName = Release;
		};
/* End XCConfigurationList section */
	};
	rootObject = B7DA13E02F6D74B10040EDE2 /* Project object */;
}
